
Microsoft Visual Studio Solution File, Format Version 12.00
# Visual Studio Version 16
VisualStudioVersion = 16.0.31112.23
MinimumVisualStudioVersion = 10.0.40219.1
Project("{FAE04EC0-301F-11D3-BF4B-00C04F79EFBC}") = "pay2", "pay2\pay2.csproj", "{71F90F08-5373-484B-9E67-B597737907FF}"
EndProject
Global
	GlobalSection(SolutionConfigurationPlatforms) = preSolution
		Debug|Any CPU = Debug|Any CPU
		Release|Any CPU = Release|Any CPU
	EndGlobalSection
	GlobalSection(ProjectConfigurationPlatforms) = postSolution
		{71F90F08-5373-484B-9E67-B597737907FF}.Debug|Any CPU.ActiveCfg = Debug|Any CPU
		{71F90F08-5373-484B-9E67-B597737907FF}.Debug|Any CPU.Build.0 = Debug|Any CPU
		{71F90F08-5373-484B-9E67-B597737907FF}.Release|Any CPU.ActiveCfg = Release|Any CPU
		{71F90F08-5373-484B-9E67-B597737907FF}.Release|Any CPU.Build.0 = Release|Any CPU
	EndGlobalSection
	GlobalSection(SolutionProperties) = preSolution
		HideSolutionNode = FALSE
	EndGlobalSection
	GlobalSection(ExtensibilityGlobals) = postSolution
		SolutionGuid = {2C0210A3-3C11-4E97-8EC5-1C5C01C23899}
	EndGlobalSection
EndGlobal
